
Microsoft Visual Studio Solution File, Format Version 12.00
# Visual Studio Version 17
VisualStudioVersion = 17.2.32422.2
MinimumVisualStudioVersion = 10.0.40219.1
Project("{FAE04EC0-301F-11D3-BF4B-00C04F79EFBC}") = "SuperBankApp", "SuperBankApp\SuperBankApp.csproj", "{360AC2EE-D00A-4847-8946-206A7FD2FC89}"
EndProject
Global
	GlobalSection(SolutionConfigurationPlatforms) = preSolution
		Debug|Any CPU = Debug|Any CPU
		Release|Any CPU = Release|Any CPU
	EndGlobalSection
	GlobalSection(ProjectConfigurationPlatforms) = postSolution
		{360AC2EE-D00A-4847-8946-206A7FD2FC89}.Debug|Any CPU.ActiveCfg = Debug|Any CPU
		{360AC2EE-D00A-4847-8946-206A7FD2FC89}.Debug|Any CPU.Build.0 = Debug|Any CPU
		{360AC2EE-D00A-4847-8946-206A7FD2FC89}.Release|Any CPU.ActiveCfg = Release|Any CPU
		{360AC2EE-D00A-4847-8946-206A7FD2FC89}.Release|Any CPU.Build.0 = Release|Any CPU
	EndGlobalSection
	GlobalSection(SolutionProperties) = preSolution
		HideSolutionNode = FALSE
	EndGlobalSection
	GlobalSection(ExtensibilityGlobals) = postSolution
		SolutionGuid = {CF6A39A9-1B2C-4F05-B7B2-C3AC23BCA72C}
	EndGlobalSection
EndGlobal
